{
  "object": {
    "pins": [
      {
        "package": "Thrift",
        "repositoryURL": "https://github.com/undefinedlabs/Thrift-Swift",
        "state": {
          "branch": null,
          "revision": "52c6395f7f1c7af8d814a22d4a8665f335f2efa2",
          "version": "1.1.1"
        }
      }
    ]
  },
  "version": 1
}
